github.com/goburrow/modbus v0.1.0 h1:DejRZY73nEM6+bt5JSP6IsFolJ9dVcqxsYbpLbeW/ro=
github.com/goburrow/modbus v0.1.0/go.mod h1:Kx552D5rLIS8E7TyUwQ/UdHEqvX5T8tyiGBTlzMcZBg=
github.com/goburrow/serial v0.1.0 h1:v2T1SQa/dlUqQiYIT8+Cu7YolfqAi3K96UmhwYyuSrA=
github.com/goburrow/serial v0.1.0/go.mod h1:sAiqG0nRVswsm1C97xsttiYCzSLBmUZ/VSlVLZJ8haA=
github.com/golang-jwt/jwt/v5 v5.0.0-rc.2 h1:hXPcSazn8wKOfSb9y2m1bdgUMlDxVDarxh3lJVbC6JE=
github.com/golang-jwt/jwt/v5 v5.0.0-rc.2/go.mod h1:pqrtFR0X4osieyHYxtmOUWsAWrfe1Q5UVIyoH402zdk=
github.com/gorilla/mux v1.8.0 h1:i40aqfkR1h2SlN9hojwV5ZA91wcXFOvkdNIeFDP5koI=
github.com/gorilla/mux v1.8.0/go.mod h1:DVbg23sWSpFRCP0SfiEN6jmj59UnW/n46BH5rLB71So=
github.com/mattn/go-sqlite3 v1.14.16 h1:yOQRA0RpS5PFz/oikGwBEqvAWhWg5ufRz4ETLjwpU1Y=
github.com/mattn/go-sqlite3 v1.14.16/go.mod h1:2eHXhiwb8IkHr+BDWZGa96P6+rkvnG63S2DGjv9HUNg=
